
Microsoft Visual Studio Solution File, Format Version 12.00
# Visual Studio Version 16
VisualStudioVersion = 16.0.29009.5
MinimumVisualStudioVersion = 10.0.40219.1
Project("{FAE04EC0-301F-11D3-BF4B-00C04F79EFBC}") = "THKM Save Editor", "THKM Save Editor\THKM Save Editor.csproj", "{CA700DF3-B423-4375-BE0D-1DDAFBFC06F7}"
EndProject
Project("{FAE04EC0-301F-11D3-BF4B-00C04F79EFBC}") = "Assembly-CSharp", "Assembly-CSharp\Assembly-CSharp.csproj", "{968B5906-4345-4F8E-B39B-884DD4DEC95E}"
EndProject
Global
	GlobalSection(SolutionConfigurationPlatforms) = preSolution
		Debug|Any CPU = Debug|Any CPU
		Release|Any CPU = Release|Any CPU
	EndGlobalSection
	GlobalSection(ProjectConfigurationPlatforms) = postSolution
		{CA700DF3-B423-4375-BE0D-1DDAFBFC06F7}.Debug|Any CPU.ActiveCfg = Debug|Any CPU
		{CA700DF3-B423-4375-BE0D-1DDAFBFC06F7}.Debug|Any CPU.Build.0 = Debug|Any CPU
		{CA700DF3-B423-4375-BE0D-1DDAFBFC06F7}.Release|Any CPU.ActiveCfg = Release|Any CPU
		{CA700DF3-B423-4375-BE0D-1DDAFBFC06F7}.Release|Any CPU.Build.0 = Release|Any CPU
		{968B5906-4345-4F8E-B39B-884DD4DEC95E}.Debug|Any CPU.ActiveCfg = Debug|Any CPU
		{968B5906-4345-4F8E-B39B-884DD4DEC95E}.Debug|Any CPU.Build.0 = Debug|Any CPU
		{968B5906-4345-4F8E-B39B-884DD4DEC95E}.Release|Any CPU.ActiveCfg = Release|Any CPU
		{968B5906-4345-4F8E-B39B-884DD4DEC95E}.Release|Any CPU.Build.0 = Release|Any CPU
	EndGlobalSection
	GlobalSection(SolutionProperties) = preSolution
		HideSolutionNode = FALSE
	EndGlobalSection
	GlobalSection(ExtensibilityGlobals) = postSolution
		SolutionGuid = {BE0BEB34-D53B-405C-88F0-C58EF2B36689}
	EndGlobalSection
EndGlobal
